
Microsoft Visual Studio Solution File, Format Version 12.00
# Visual Studio 14
VisualStudioVersion = 14.0.25420.1
MinimumVisualStudioVersion = 10.0.40219.1
Project("{FAE04EC0-301F-11D3-BF4B-00C04F79EFBC}") = "GalleryWebAPI", "GalleryWebAPI\GalleryWebAPI.csproj", "{28B653DC-B1E5-4901-BC52-2BAEABAAD25D}"
EndProject
Project("{FAE04EC0-301F-11D3-BF4B-00C04F79EFBC}") = "GalleryWebAPI.Tests", "GalleryWebAPI.Tests\GalleryWebAPI.Tests.csproj", "{A9FA2F8A-B221-4F90-860E-72462AC4C057}"
EndProject
Global
	GlobalSection(SolutionConfigurationPlatforms) = preSolution
		Debug|Any CPU = Debug|Any CPU
		Release|Any CPU = Release|Any CPU
	EndGlobalSection
	GlobalSection(ProjectConfigurationPlatforms) = postSolution
		{28B653DC-B1E5-4901-BC52-2BAEABAAD25D}.Debug|Any CPU.ActiveCfg = Debug|Any CPU
		{28B653DC-B1E5-4901-BC52-2BAEABAAD25D}.Debug|Any CPU.Build.0 = Debug|Any CPU
		{28B653DC-B1E5-4901-BC52-2BAEABAAD25D}.Release|Any CPU.ActiveCfg = Release|Any CPU
		{28B653DC-B1E5-4901-BC52-2BAEABAAD25D}.Release|Any CPU.Build.0 = Release|Any CPU
		{A9FA2F8A-B221-4F90-860E-72462AC4C057}.Debug|Any CPU.ActiveCfg = Debug|Any CPU
		{A9FA2F8A-B221-4F90-860E-72462AC4C057}.Debug|Any CPU.Build.0 = Debug|Any CPU
		{A9FA2F8A-B221-4F90-860E-72462AC4C057}.Release|Any CPU.ActiveCfg = Release|Any CPU
		{A9FA2F8A-B221-4F90-860E-72462AC4C057}.Release|Any CPU.Build.0 = Release|Any CPU
	EndGlobalSection
	GlobalSection(SolutionProperties) = preSolution
		HideSolutionNode = FALSE
	EndGlobalSection
EndGlobal
